schema: '2.0'
stages:
  data_ingestion:
    cmd: python src/data/data_ingestion.py
    deps:
    - path: src/data/data_ingestion.py
      hash: md5
      md5: 09725e79e52b78ae09a21d96826b6901
      size: 3529
    params:
      params.yaml:
        data_ingestion.test_size: 0.1
    outs:
    - path: data/raw
      hash: md5
      md5: baa43b70a6a4c8dac10639c6b987a43a.dir
      size: 827973
      nfiles: 2
  data_preprocessing:
    cmd: python src/data/data_processing.py
    deps:
    - path: data/raw
      hash: md5
      md5: baa43b70a6a4c8dac10639c6b987a43a.dir
      size: 827973
      nfiles: 2
    - path: src/data/data_processing.py
      hash: md5
      md5: 36e61fa0c89ebd4ded60581b771928b0
      size: 3992
    outs:
    - path: data/interim
      hash: md5
      md5: b62f1a6f72c0889993195c2de9f6b323.dir
      size: 572486
      nfiles: 2
  feature_engineering:
    cmd: python src/features/feature_engineering.py
    deps:
    - path: data/interim
      hash: md5
      md5: b62f1a6f72c0889993195c2de9f6b323.dir
      size: 572486
      nfiles: 2
    - path: src/features/feature_engineering.py
      hash: md5
      md5: ee1ed96945afb0a9234dde6742affa25
      size: 3733
    params:
      params.yaml:
        feature_engineering.max_features: 100
    outs:
    - path: data/processed
      hash: md5
      md5: dfae3bf2bba959de449a81a932b94783.dir
      size: 4537526
      nfiles: 2
  model_building:
    cmd: python src/models/model_building.py
    deps:
    - path: data/processed
      hash: md5
      md5: dfae3bf2bba959de449a81a932b94783.dir
      size: 4537526
      nfiles: 2
    - path: src/models/model_building.py
      hash: md5
      md5: de92b3c62df8a2005d920ac87a43265e
      size: 3063
    params:
      params.yaml:
        model_building.learning_rate: 0.1
        model_building.n_estimators: 25
    outs:
    - path: models/model.pkl
      hash: md5
      md5: f8351ff43f8f780421ad4b7d6c4d97a3
      size: 33757
  model_evaluation:
    cmd: python src/models/model_evaluation.py
    deps:
    - path: models/model.pkl
      hash: md5
      md5: f8351ff43f8f780421ad4b7d6c4d97a3
      size: 33757
    - path: src/models/model_evaluation.py
      hash: md5
      md5: 984b525fb5610eeb7c0affdaecce6eb6
      size: 3371
    outs:
    - path: reports/metrics.json
      hash: md5
      md5: 250dee3b4df5ca3d41f2c532285e3037
      size: 130
